// !$*UTF8*$!
{
	archiveVersion = 1;
	classes = {
	};
	objectVersion = 50;
	objects = {

/* Begin PBXBuildFile section */
		B8EA0171234B666F00E3E833 /* AppDelegate.swift in Sources */ = {isa = PBXBuildFile; fileRef = B8EA0170234B666F00E3E833 /* AppDelegate.swift */; };
		B8EA0173234B666F00E3E833 /* SceneDelegate.swift in Sources */ = {isa = PBXBuildFile; fileRef = B8EA0172234B666F00E3E833 /* SceneDelegate.swift */; };
		B8EA0175234B666F00E3E833 /* ContentView.swift in Sources */ = {isa = PBXBuildFile; fileRef = B8EA0174234B666F00E3E833 /* ContentView.swift */; };
		B8EA0177234B667100E3E833 /* Assets.xcassets in Resources */ = {isa = PBXBuildFile; fileRef = B8EA0176234B667100E3E833 /* Assets.xcassets */; };
		B8EA017A234B667100E3E833 /* Preview Assets.xcassets in Resources */ = {isa = PBXBuildFile; fileRef = B8EA0179234B667100E3E833 /* Preview Assets.xcassets */; };
		B8EA017D234B667100E3E833 /* LaunchScreen.storyboard in Resources */ = {isa = PBXBuildFile; fileRef = B8EA017B234B667100E3E833 /* LaunchScreen.storyboard */; };
/* End PBXBuildFile section */

/* Begin PBXFileReference section */
		B8EA016D234B666F00E3E833 /* Emoji Tac Toe Swift UI.app */ = {isa = PBXFileReference; explicitFileType = wrapper.application; includeInIndex = 0; path = "Emoji Tac Toe Swift UI.app"; sourceTree = BUILT_PRODUCTS_DIR; };
		B8EA0170234B666F00E3E833 /* AppDelegate.swift */ = {isa = PBXFileReference; lastKnownFileType = sourcecode.swift; path = AppDelegate.swift; sourceTree = "<group>"; };
		B8EA0172234B666F00E3E833 /* SceneDelegate.swift */ = {isa = PBXFileReference; lastKnownFileType = sourcecode.swift; path = SceneDelegate.swift; sourceTree = "<group>"; };
		B8EA0174234B666F00E3E833 /* ContentView.swift */ = {isa = PBXFileReference; lastKnownFileType = sourcecode.swift; path = ContentView.swift; sourceTree = "<group>"; };
		B8EA0176234B667100E3E833 /* Assets.xcassets */ = {isa = PBXFileReference; lastKnownFileType = folder.assetcatalog; path = Assets.xcassets; sourceTree = "<group>"; };
		B8EA0179234B667100E3E833 /* Preview Assets.xcassets */ = {isa = PBXFileReference; lastKnownFileType = folder.assetcatalog; path = "Preview Assets.xcassets"; sourceTree = "<group>"; };
		B8EA017C234B667100E3E833 /* Base */ = {isa = PBXFileReference; lastKnownFileType = file.storyboard; name = Base; path = Base.lproj/LaunchScreen.storyboard; sourceTree = "<group>"; };
		B8EA017E234B667100E3E833 /* Info.plist */ = {isa = PBXFileReference; lastKnownFileType = text.plist.xml; path = Info.plist; sourceTree = "<group>"; };
/* End PBXFileReference section */

/* Begin PBXFrameworksBuildPhase section */
		B8EA016A234B666F00E3E833 /* Frameworks */ = {
			isa = PBXFrameworksBuildPhase;
			buildActionMask = 2147483647;
			files = (
			);
			runOnlyForDeploymentPostprocessing = 0;
		};
/* End PBXFrameworksBuildPhase section */

/* Begin PBXGroup section */
		B8EA0164234B666F00E3E833 = {
			isa = PBXGroup;
			children = (
				B8EA016F234B666F00E3E833 /* Emoji Tac Toe Swift UI */,
				B8EA016E234B666F00E3E833 /* Products */,
			);
			sourceTree = "<group>";
		};
		B8EA016E234B666F00E3E833 /* Products */ = {
			isa = PBXGroup;
			children = (
				B8EA016D234B666F00E3E833 /* Emoji Tac Toe Swift UI.app */,
			);
			name = Products;
			sourceTree = "<group>";
		};
		B8EA016F234B666F00E3E833 /* Emoji Tac Toe Swift UI */ = {
			isa = PBXGroup;
			children = (
				B8EA0170234B666F00E3E833 /* AppDelegate.swift */,
				B8EA0172234B666F00E3E833 /* SceneDelegate.swift */,
				B8EA0174234B666F00E3E833 /* ContentView.swift */,
				B8EA0176234B667100E3E833 /* Assets.xcassets */,
				B8EA017B234B667100E3E833 /* LaunchScreen.storyboard */,
				B8EA017E234B667100E3E833 /* Info.plist */,
				B8EA0178234B667100E3E833 /* Preview Content */,
			);
			path = "Emoji Tac Toe Swift UI";
			sourceTree = "<group>";
		};
		B8EA0178234B667100E3E833 /* Preview Content */ = {
			isa = PBXGroup;
			children = (
				B8EA0179234B667100E3E833 /* Preview Assets.xcassets */,
			);
			path = "Preview Content";
			sourceTree = "<group>";
		};
/* End PBXGroup section */

/* Begin PBXNativeTarget section */
		B8EA016C234B666F00E3E833 /* Emoji Tac Toe Swift UI */ = {
			isa = PBXNativeTarget;
			buildConfigurationList = B8EA0181234B667100E3E833 /* Build configuration list for PBXNativeTarget "Emoji Tac Toe Swift UI" */;
			buildPhases = (
				B8EA0169234B666F00E3E833 /* Sources */,
				B8EA016A234B666F00E3E833 /* Frameworks */,
				B8EA016B234B666F00E3E833 /* Resources */,
			);
			buildRules = (
			);
			dependencies = (
			);
			name = "Emoji Tac Toe Swift UI";
			productName = "Emoji Tac Toe Swift UI";
			productReference = B8EA016D234B666F00E3E833 /* Emoji Tac Toe Swift UI.app */;
			productType = "com.apple.product-type.application";
		};
/* End PBXNativeTarget section */

/* Begin PBXProject section */
		B8EA0165234B666F00E3E833 /* Project object */ = {
			isa = PBXProject;
			attributes = {
				LastSwiftUpdateCheck = 1100;
				LastUpgradeCheck = 1100;
				ORGANIZATIONNAME = "John Pavley";
				TargetAttributes = {
					B8EA016C234B666F00E3E833 = {
						CreatedOnToolsVersion = 11.0;
					};
				};
			};
			buildConfigurationList = B8EA0168234B666F00E3E833 /* Build configuration list for PBXProject "Emoji Tac Toe Swift UI" */;
			compatibilityVersion = "Xcode 9.3";
			developmentRegion = en;
			hasScannedForEncodings = 0;
			knownRegions = (
				en,
				Base,
			);
			mainGroup = B8EA0164234B666F00E3E833;
			productRefGroup = B8EA016E234B666F00E3E833 /* Products */;
			projectDirPath = "";
			projectRoot = "";
			targets = (
				B8EA016C234B666F00E3E833 /* Emoji Tac Toe Swift UI */,
			);
		};
/* End PBXProject section */

/* Begin PBXResourcesBuildPhase section */
		B8EA016B234B666F00E3E833 /* Resources */ = {
			isa = PBXResourcesBuildPhase;
			buildActionMask = 2147483647;
			files = (
				B8EA017D234B667100E3E833 /* LaunchScreen.storyboard in Resources */,
				B8EA017A234B667100E3E833 /* Preview Assets.xcassets in Resources */,
				B8EA0177234B667100E3E833 /* Assets.xcassets in Resources */,
			);
			runOnlyForDeploymentPostprocessing = 0;
		};
/* End PBXResourcesBuildPhase section */

/* Begin PBXSourcesBuildPhase section */
		B8EA0169234B666F00E3E833 /* Sources */ = {
			isa = PBXSourcesBuildPhase;
			buildActionMask = 2147483647;
			files = (
				B8EA0171234B666F00E3E833 /* AppDelegate.swift in Sources */,
				B8EA0173234B666F00E3E833 /* SceneDelegate.swift in Sources */,
				B8EA0175234B666F00E3E833 /* ContentView.swift in Sources */,
			);
			runOnlyForDeploymentPostprocessing = 0;
		};
/* End PBXSourcesBuildPhase section */

/* Begin PBXVariantGroup section */
		B8EA017B234B667100E3E833 /* LaunchScreen.storyboard */ = {
			isa = PBXVariantGroup;
			children = (
				B8EA017C234B667100E3E833 /* Base */,
			);
			name = LaunchScreen.storyboard;
			sourceTree = "<group>";
		};
/* End PBXVariantGroup section */

/* Begin XCBuildConfiguration section */
		B8EA017F234B667100E3E833 /* Debug */ = {
			isa = XCBuildConfiguration;
			buildSettings = {
				ALWAYS_SEARCH_USER_PATHS = NO;
				CLANG_ANALYZER_NONNULL = YES;
				CLANG_ANALYZER_NUMBER_OBJECT_CONVERSION = YES_AGGRESSIVE;
				CLANG_CXX_LANGUAGE_STANDARD = "gnu++14";
				CLANG_CXX_LIBRARY = "libc++";
				CLANG_ENABLE_MODULES = YES;
				CLANG_ENABLE_OBJC_ARC = YES;
				CLANG_ENABLE_OBJC_WEAK = YES;
				CLANG_WARN_BLOCK_CAPTURE_AUTORELEASING = YES;
				CLANG_WARN_BOOL_CONVERSION = YES;
				CLANG_WARN_COMMA = YES;
				CLANG_WARN_CONSTANT_CONVERSION = YES;
				CLANG_WARN_DEPRECATED_OBJC_IMPLEMENTATIONS = YES;
				CLANG_WARN_DIRECT_OBJC_ISA_USAGE = YES_ERROR;
				CLANG_WARN_DOCUMENTATION_COMMENTS = YES;
				CLANG_WARN_EMPTY_BODY = YES;
				CLANG_WARN_ENUM_CONVERSION = YES;
				CLANG_WARN_INFINITE_RECURSION = YES;
				CLANG_WARN_INT_CONVERSION = YES;
				CLANG_WARN_NON_LITERAL_NULL_CONVERSION = YES;
				CLANG_WARN_OBJC_IMPLICIT_RETAIN_SELF = YES;
				CLANG_WARN_OBJC_LITERAL_CONVERSION = YES;
				CLANG_WARN_OBJC_ROOT_CLASS = YES_ERROR;
				CLANG_WARN_RANGE_LOOP_ANALYSIS = YES;
				CLANG_WARN_STRICT_PROTOTYPES = YES;
				CLANG_WARN_SUSPICIOUS_MOVE = YES;
				CLANG_WARN_UNGUARDED_AVAILABILITY = YES_AGGRESSIVE;
				CLANG_WARN_UNREACHABLE_CODE = YES;
				CLANG_WARN__DUPLICATE_METHOD_MATCH = YES;
				COPY_PHASE_STRIP = NO;
				DEBUG_INFORMATION_FORMAT = dwarf;
				ENABLE_STRICT_OBJC_MSGSEND = YES;
				ENABLE_TESTABILITY = YES;
				GCC_C_LANGUAGE_STANDARD = gnu11;
				GCC_DYNAMIC_NO_PIC = NO;
				GCC_NO_COMMON_BLOCKS = YES;
				GCC_OPTIMIZATION_LEVEL = 0;
				GCC_PREPROCESSOR_DEFINITIONS = (
					"DEBUG=1",
					"$(inherited)",
				);
				GCC_WARN_64_TO_32_BIT_CONVERSION = YES;
				GCC_WARN_ABOUT_RETURN_TYPE = YES_ERROR;
				GCC_WARN_UNDECLARED_SELECTOR = YES;
				GCC_WARN_UNINITIALIZED_AUTOS = YES_AGGRESSIVE;
				GCC_WARN_UNUSED_FUNCTION = YES;
				GCC_WARN_UNUSED_VARIABLE = YES;
				IPHONEOS_DEPLOYMENT_TARGET = 13.0;
				MTL_ENABLE_DEBUG_INFO = INCLUDE_SOURCE;
				MTL_FAST_MATH = YES;
				ONLY_ACTIVE_ARCH = YES;
				SDKROOT = iphoneos;
				SWIFT_ACTIVE_COMPILATION_CONDITIONS = DEBUG;
				SWIFT_OPTIMIZATION_LEVEL = "-Onone";
			};
			name = Debug;
		};
		B8EA0180234B667100E3E833 /* Release */ = {
			isa = XCBuildConfiguration;
			buildSettings = {
				ALWAYS_SEARCH_USER_PATHS = NO;
				CLANG_ANALYZER_NONNULL = YES;
				CLANG_ANALYZER_NUMBER_OBJECT_CONVERSION = YES_AGGRESSIVE;
				CLANG_CXX_LANGUAGE_STANDARD = "gnu++14";
				CLANG_CXX_LIBRARY = "libc++";
				CLANG_ENABLE_MODULES = YES;
				CLANG_ENABLE_OBJC_ARC = YES;
				CLANG_ENABLE_OBJC_WEAK = YES;
				CLANG_WARN_BLOCK_CAPTURE_AUTORELEASING = YES;
				CLANG_WARN_BOOL_CONVERSION = YES;
				CLANG_WARN_COMMA = YES;
				CLANG_WARN_CONSTANT_CONVERSION = YES;
				CLANG_WARN_DEPRECATED_OBJC_IMPLEMENTATIONS = YES;
				CLANG_WARN_DIRECT_OBJC_ISA_USAGE = YES_ERROR;
				CLANG_WARN_DOCUMENTATION_COMMENTS = YES;
				CLANG_WARN_EMPTY_BODY = YES;
				CLANG_WARN_ENUM_CONVERSION = YES;
				CLANG_WARN_INFINITE_RECURSION = YES;
				CLANG_WARN_INT_CONVERSION = YES;
				CLANG_WARN_NON_LITERAL_NULL_CONVERSION = YES;
				CLANG_WARN_OBJC_IMPLICIT_RETAIN_SELF = YES;
				CLANG_WARN_OBJC_LITERAL_CONVERSION = YES;
				CLANG_WARN_OBJC_ROOT_CLASS = YES_ERROR;
				CLANG_WARN_RANGE_LOOP_ANALYSIS = YES;
				CLANG_WARN_STRICT_PROTOTYPES = YES;
				CLANG_WARN_SUSPICIOUS_MOVE = YES;
				CLANG_WARN_UNGUARDED_AVAILABILITY = YES_AGGRESSIVE;
				CLANG_WARN_UNREACHABLE_CODE = YES;
				CLANG_WARN__DUPLICATE_METHOD_MATCH = YES;
				COPY_PHASE_STRIP = NO;
				DEBUG_INFORMATION_FORMAT = "dwarf-with-dsym";
				ENABLE_NS_ASSERTIONS = NO;
				ENABLE_STRICT_OBJC_MSGSEND = YES;
				GCC_C_LANGUAGE_STANDARD = gnu11;
				GCC_NO_COMMON_BLOCKS = YES;
				GCC_WARN_64_TO_32_BIT_CONVERSION = YES;
				GCC_WARN_ABOUT_RETURN_TYPE = YES_ERROR;
				GCC_WARN_UNDECLARED_SELECTOR = YES;
				GCC_WARN_UNINITIALIZED_AUTOS = YES_AGGRESSIVE;
				GCC_WARN_UNUSED_FUNCTION = YES;
				GCC_WARN_UNUSED_VARIABLE = YES;
				IPHONEOS_DEPLOYMENT_TARGET = 13.0;
				MTL_ENABLE_DEBUG_INFO = NO;
				MTL_FAST_MATH = YES;
				SDKROOT = iphoneos;
				SWIFT_COMPILATION_MODE = wholemodule;
				SWIFT_OPTIMIZATION_LEVEL = "-O";
				VALIDATE_PRODUCT = YES;
			};
			name = Release;
		};
		B8EA0182234B667100E3E833 /* Debug */ = {
			isa = XCBuildConfiguration;
			buildSettings = {
				ASSETCATALOG_COMPILER_APPICON_NAME = AppIcon;
				CODE_SIGN_STYLE = Automatic;
				DEVELOPMENT_ASSET_PATHS = "\"Emoji Tac Toe Swift UI/Preview Content\"";
				DEVELOPMENT_TEAM = QZ7SMYA7GB;
				ENABLE_PREVIEWS = YES;
				INFOPLIST_FILE = "Emoji Tac Toe Swift UI/Info.plist";
				LD_RUNPATH_SEARCH_PATHS = (
					"$(inherited)",
					"@executable_path/Frameworks",
				);
				PRODUCT_BUNDLE_IDENTIFIER = "com.pavley.Emoji-Tac-Toe-Swift-UI";
				PRODUCT_NAME = "$(TARGET_NAME)";
				SWIFT_VERSION = 5.0;
				TARGETED_DEVICE_FAMILY = "1,2";
			};
			name = Debug;
		};
		B8EA0183234B667100E3E833 /* Release */ = {
			isa = XCBuildConfiguration;
			buildSettings = {
				ASSETCATALOG_COMPILER_APPICON_NAME = AppIcon;
				CODE_SIGN_STYLE = Automatic;
				DEVELOPMENT_ASSET_PATHS = "\"Emoji Tac Toe Swift UI/Preview Content\"";
				DEVELOPMENT_TEAM = QZ7SMYA7GB;
				ENABLE_PREVIEWS = YES;
				INFOPLIST_FILE = "Emoji Tac Toe Swift UI/Info.plist";
				LD_RUNPATH_SEARCH_PATHS = (
					"$(inherited)",
					"@executable_path/Frameworks",
				);
				PRODUCT_BUNDLE_IDENTIFIER = "com.pavley.Emoji-Tac-Toe-Swift-UI";
				PRODUCT_NAME = "$(TARGET_NAME)";
				SWIFT_VERSION = 5.0;
				TARGETED_DEVICE_FAMILY = "1,2";
			};
			name = Release;
		};
/* End XCBuildConfiguration section */

/* Begin XCConfigurationList section */
		B8EA0168234B666F00E3E833 /* Build configuration list for PBXProject "Emoji Tac Toe Swift UI" */ = {
			isa = XCConfigurationList;
			buildConfigurations = (
				B8EA017F234B667100E3E833 /* Debug */,
				B8EA0180234B667100E3E833 /* Release */,
			);
			defaultConfigurationIsVisible = 0;
			defaultConfigurationName = Release;
		};
		B8EA0181234B667100E3E833 /* Build configuration list for PBXNativeTarget "Emoji Tac Toe Swift UI" */ = {
			isa = XCConfigurationList;
			buildConfigurations = (
				B8EA0182234B667100E3E833 /* Debug */,
				B8EA0183234B667100E3E833 /* Release */,
			);
			defaultConfigurationIsVisible = 0;
			defaultConfigurationName = Release;
		};
/* End XCConfigurationList section */
	};
	rootObject = B8EA0165234B666F00E3E833 /* Project object */;
}
